// !$*UTF8*$!
{
	archiveVersion = 1;
	classes = {
	};
	objectVersion = 46;
	objects = {

/* Begin PBXBuildFile section */
		B4402DB61F74F69F00E7B1CD /* AppDelegate.swift in Sources */ = {isa = PBXBuildFile; fileRef = B4402DB51F74F69F00E7B1CD /* AppDelegate.swift */; };
		B4402DB81F74F69F00E7B1CD /* ViewController.swift in Sources */ = {isa = PBXBuildFile; fileRef = B4402DB71F74F69F00E7B1CD /* ViewController.swift */; };
		B4402DBB1F74F69F00E7B1CD /* Main.storyboard in Resources */ = {isa = PBXBuildFile; fileRef = B4402DB91F74F69F00E7B1CD /* Main.storyboard */; };
		B4402DBD1F74F69F00E7B1CD /* Assets.xcassets in Resources */ = {isa = PBXBuildFile; fileRef = B4402DBC1F74F69F00E7B1CD /* Assets.xcassets */; };
		B4402DC01F74F69F00E7B1CD /* LaunchScreen.storyboard in Resources */ = {isa = PBXBuildFile; fileRef = B4402DBE1F74F69F00E7B1CD /* LaunchScreen.storyboard */; };
		B4402DCB1F74FB7800E7B1CD /* CategoryCell.swift in Sources */ = {isa = PBXBuildFile; fileRef = B4402DCA1F74FB7800E7B1CD /* CategoryCell.swift */; };
		B4402DCD1F74FE1200E7B1CD /* Category.swift in Sources */ = {isa = PBXBuildFile; fileRef = B4402DCC1F74FE1200E7B1CD /* Category.swift */; };
		B4402DD01F74FF9600E7B1CD /* DataService.swift in Sources */ = {isa = PBXBuildFile; fileRef = B4402DCF1F74FF9600E7B1CD /* DataService.swift */; };
		B456EDA21F752B19008B892C /* ProductCell.swift in Sources */ = {isa = PBXBuildFile; fileRef = B456EDA11F752B19008B892C /* ProductCell.swift */; };
		B456EDA41F752D30008B892C /* Product.swift in Sources */ = {isa = PBXBuildFile; fileRef = B456EDA31F752D30008B892C /* Product.swift */; };
		B456EDA61F7532C9008B892C /* ProductCell1.swift in Sources */ = {isa = PBXBuildFile; fileRef = B456EDA51F7532C9008B892C /* ProductCell1.swift */; };
/* End PBXBuildFile section */

/* Begin PBXFileReference section */
		B4402DB21F74F69F00E7B1CD /* coder-swag.app */ = {isa = PBXFileReference; explicitFileType = wrapper.application; includeInIndex = 0; path = "coder-swag.app"; sourceTree = BUILT_PRODUCTS_DIR; };
		B4402DB51F74F69F00E7B1CD /* AppDelegate.swift */ = {isa = PBXFileReference; lastKnownFileType = sourcecode.swift; path = AppDelegate.swift; sourceTree = "<group>"; };
		B4402DB71F74F69F00E7B1CD /* ViewController.swift */ = {isa = PBXFileReference; lastKnownFileType = sourcecode.swift; path = ViewController.swift; sourceTree = "<group>"; };
		B4402DBA1F74F69F00E7B1CD /* Base */ = {isa = PBXFileReference; lastKnownFileType = file.storyboard; name = Base; path = Base.lproj/Main.storyboard; sourceTree = "<group>"; };
		B4402DBC1F74F69F00E7B1CD /* Assets.xcassets */ = {isa = PBXFileReference; lastKnownFileType = folder.assetcatalog; path = Assets.xcassets; sourceTree = "<group>"; };
		B4402DBF1F74F69F00E7B1CD /* Base */ = {isa = PBXFileReference; lastKnownFileType = file.storyboard; name = Base; path = Base.lproj/LaunchScreen.storyboard; sourceTree = "<group>"; };
		B4402DC11F74F69F00E7B1CD /* Info.plist */ = {isa = PBXFileReference; lastKnownFileType = text.plist.xml; path = Info.plist; sourceTree = "<group>"; };
		B4402DCA1F74FB7800E7B1CD /* CategoryCell.swift */ = {isa = PBXFileReference; fileEncoding = 4; lastKnownFileType = sourcecode.swift; path = CategoryCell.swift; sourceTree = "<group>"; };
		B4402DCC1F74FE1200E7B1CD /* Category.swift */ = {isa = PBXFileReference; fileEncoding = 4; lastKnownFileType = sourcecode.swift; path = Category.swift; sourceTree = "<group>"; };
		B4402DCF1F74FF9600E7B1CD /* DataService.swift */ = {isa = PBXFileReference; fileEncoding = 4; lastKnownFileType = sourcecode.swift; path = DataService.swift; sourceTree = "<group>"; };
		B456EDA11F752B19008B892C /* ProductCell.swift */ = {isa = PBXFileReference; fileEncoding = 4; lastKnownFileType = sourcecode.swift; path = ProductCell.swift; sourceTree = "<group>"; };
		B456EDA31F752D30008B892C /* Product.swift */ = {isa = PBXFileReference; fileEncoding = 4; lastKnownFileType = sourcecode.swift; path = Product.swift; sourceTree = "<group>"; };
		B456EDA51F7532C9008B892C /* ProductCell1.swift */ = {isa = PBXFileReference; fileEncoding = 4; lastKnownFileType = sourcecode.swift; path = ProductCell1.swift; sourceTree = "<group>"; };
/* End PBXFileReference section */

/* Begin PBXFrameworksBuildPhase section */
		B4402DAF1F74F69F00E7B1CD /* Frameworks */ = {
			isa = PBXFrameworksBuildPhase;
			buildActionMask = 2147483647;
			files = (
			);
			runOnlyForDeploymentPostprocessing = 0;
		};
/* End PBXFrameworksBuildPhase section */

/* Begin PBXGroup section */
		B4402DA91F74F69F00E7B1CD = {
			isa = PBXGroup;
			children = (
				B4402DB41F74F69F00E7B1CD /* coder-swag */,
				B4402DB31F74F69F00E7B1CD /* Products */,
			);
			sourceTree = "<group>";
		};
		B4402DB31F74F69F00E7B1CD /* Products */ = {
			isa = PBXGroup;
			children = (
				B4402DB21F74F69F00E7B1CD /* coder-swag.app */,
			);
			name = Products;
			sourceTree = "<group>";
		};
		B4402DB41F74F69F00E7B1CD /* coder-swag */ = {
			isa = PBXGroup;
			children = (
				B4402DCE1F74FF8200E7B1CD /* Services */,
				B4402DC91F74FB0700E7B1CD /* View */,
				B4402DC81F74FB0100E7B1CD /* Model */,
				B4402DC71F74FAFA00E7B1CD /* Controller */,
				B4402DB51F74F69F00E7B1CD /* AppDelegate.swift */,
				B4402DB91F74F69F00E7B1CD /* Main.storyboard */,
				B4402DBC1F74F69F00E7B1CD /* Assets.xcassets */,
				B4402DBE1F74F69F00E7B1CD /* LaunchScreen.storyboard */,
				B4402DC11F74F69F00E7B1CD /* Info.plist */,
			);
			path = "coder-swag";
			sourceTree = "<group>";
		};
		B4402DC71F74FAFA00E7B1CD /* Controller */ = {
			isa = PBXGroup;
			children = (
				B4402DB71F74F69F00E7B1CD /* ViewController.swift */,
				B456EDA51F7532C9008B892C /* ProductCell1.swift */,
			);
			name = Controller;
			sourceTree = "<group>";
		};
		B4402DC81F74FB0100E7B1CD /* Model */ = {
			isa = PBXGroup;
			children = (
				B4402DCC1F74FE1200E7B1CD /* Category.swift */,
				B456EDA31F752D30008B892C /* Product.swift */,
			);
			name = Model;
			sourceTree = "<group>";
		};
		B4402DC91F74FB0700E7B1CD /* View */ = {
			isa = PBXGroup;
			children = (
				B4402DCA1F74FB7800E7B1CD /* CategoryCell.swift */,
				B456EDA11F752B19008B892C /* ProductCell.swift */,
			);
			name = View;
			sourceTree = "<group>";
		};
		B4402DCE1F74FF8200E7B1CD /* Services */ = {
			isa = PBXGroup;
			children = (
				B4402DCF1F74FF9600E7B1CD /* DataService.swift */,
			);
			name = Services;
			sourceTree = "<group>";
		};
/* End PBXGroup section */

/* Begin PBXNativeTarget section */
		B4402DB11F74F69F00E7B1CD /* coder-swag */ = {
			isa = PBXNativeTarget;
			buildConfigurationList = B4402DC41F74F69F00E7B1CD /* Build configuration list for PBXNativeTarget "coder-swag" */;
			buildPhases = (
				B4402DAE1F74F69F00E7B1CD /* Sources */,
				B4402DAF1F74F69F00E7B1CD /* Frameworks */,
				B4402DB01F74F69F00E7B1CD /* Resources */,
			);
			buildRules = (
			);
			dependencies = (
			);
			name = "coder-swag";
			productName = "coder-swag";
			productReference = B4402DB21F74F69F00E7B1CD /* coder-swag.app */;
			productType = "com.apple.product-type.application";
		};
/* End PBXNativeTarget section */

/* Begin PBXProject section */
		B4402DAA1F74F69F00E7B1CD /* Project object */ = {
			isa = PBXProject;
			attributes = {
				LastSwiftUpdateCheck = 0830;
				LastUpgradeCheck = 0830;
				ORGANIZATIONNAME = "Tenzin Sean";
				TargetAttributes = {
					B4402DB11F74F69F00E7B1CD = {
						CreatedOnToolsVersion = 8.3.3;
						DevelopmentTeam = PA79484YHS;
						ProvisioningStyle = Automatic;
					};
				};
			};
			buildConfigurationList = B4402DAD1F74F69F00E7B1CD /* Build configuration list for PBXProject "coder-swag" */;
			compatibilityVersion = "Xcode 3.2";
			developmentRegion = English;
			hasScannedForEncodings = 0;
			knownRegions = (
				en,
				Base,
			);
			mainGroup = B4402DA91F74F69F00E7B1CD;
			productRefGroup = B4402DB31F74F69F00E7B1CD /* Products */;
			projectDirPath = "";
			projectRoot = "";
			targets = (
				B4402DB11F74F69F00E7B1CD /* coder-swag */,
			);
		};
/* End PBXProject section */

/* Begin PBXResourcesBuildPhase section */
		B4402DB01F74F69F00E7B1CD /* Resources */ = {
			isa = PBXResourcesBuildPhase;
			buildActionMask = 2147483647;
			files = (
				B4402DC01F74F69F00E7B1CD /* LaunchScreen.storyboard in Resources */,
				B4402DBD1F74F69F00E7B1CD /* Assets.xcassets in Resources */,
				B4402DBB1F74F69F00E7B1CD /* Main.storyboard in Resources */,
			);
			runOnlyForDeploymentPostprocessing = 0;
		};
/* End PBXResourcesBuildPhase section */

/* Begin PBXSourcesBuildPhase section */
		B4402DAE1F74F69F00E7B1CD /* Sources */ = {
			isa = PBXSourcesBuildPhase;
			buildActionMask = 2147483647;
			files = (
				B4402DB81F74F69F00E7B1CD /* ViewController.swift in Sources */,
				B4402DB61F74F69F00E7B1CD /* AppDelegate.swift in Sources */,
				B4402DCB1F74FB7800E7B1CD /* CategoryCell.swift in Sources */,
				B456EDA21F752B19008B892C /* ProductCell.swift in Sources */,
				B4402DCD1F74FE1200E7B1CD /* Category.swift in Sources */,
				B4402DD01F74FF9600E7B1CD /* DataService.swift in Sources */,
				B456EDA41F752D30008B892C /* Product.swift in Sources */,
				B456EDA61F7532C9008B892C /* ProductCell1.swift in Sources */,
			);
			runOnlyForDeploymentPostprocessing = 0;
		};
/* End PBXSourcesBuildPhase section */

/* Begin PBXVariantGroup section */
		B4402DB91F74F69F00E7B1CD /* Main.storyboard */ = {
			isa = PBXVariantGroup;
			children = (
				B4402DBA1F74F69F00E7B1CD /* Base */,
			);
			name = Main.storyboard;
			sourceTree = "<group>";
		};
		B4402DBE1F74F69F00E7B1CD /* LaunchScreen.storyboard */ = {
			isa = PBXVariantGroup;
			children = (
				B4402DBF1F74F69F00E7B1CD /* Base */,
			);
			name = LaunchScreen.storyboard;
			sourceTree = "<group>";
		};
/* End PBXVariantGroup section */

/* Begin XCBuildConfiguration section */
		B4402DC21F74F69F00E7B1CD /* Debug */ = {
			isa = XCBuildConfiguration;
			buildSettings = {
				ALWAYS_SEARCH_USER_PATHS = NO;
				CLANG_ANALYZER_NONNULL = YES;
				CLANG_ANALYZER_NUMBER_OBJECT_CONVERSION = YES_AGGRESSIVE;
				CLANG_CXX_LANGUAGE_STANDARD = "gnu++0x";
				CLANG_CXX_LIBRARY = "libc++";
				CLANG_ENABLE_MODULES = YES;
				CLANG_ENABLE_OBJC_ARC = YES;
				CLANG_WARN_BOOL_CONVERSION = YES;
				CLANG_WARN_CONSTANT_CONVERSION = YES;
				CLANG_WARN_DIRECT_OBJC_ISA_USAGE = YES_ERROR;
				CLANG_WARN_DOCUMENTATION_COMMENTS = YES;
				CLANG_WARN_EMPTY_BODY = YES;
				CLANG_WARN_ENUM_CONVERSION = YES;
				CLANG_WARN_INFINITE_RECURSION = YES;
				CLANG_WARN_INT_CONVERSION = YES;
				CLANG_WARN_OBJC_ROOT_CLASS = YES_ERROR;
				CLANG_WARN_SUSPICIOUS_MOVE = YES;
				CLANG_WARN_UNREACHABLE_CODE = YES;
				CLANG_WARN__DUPLICATE_METHOD_MATCH = YES;
				"CODE_SIGN_IDENTITY[sdk=iphoneos*]" = "iPhone Developer";
				COPY_PHASE_STRIP = NO;
				DEBUG_INFORMATION_FORMAT = dwarf;
				ENABLE_STRICT_OBJC_MSGSEND = YES;
				ENABLE_TESTABILITY = YES;
				GCC_C_LANGUAGE_STANDARD = gnu99;
				GCC_DYNAMIC_NO_PIC = NO;
				GCC_NO_COMMON_BLOCKS = YES;
				GCC_OPTIMIZATION_LEVEL = 0;
				GCC_PREPROCESSOR_DEFINITIONS = (
					"DEBUG=1",
					"$(inherited)",
				);
				GCC_WARN_64_TO_32_BIT_CONVERSION = YES;
				GCC_WARN_ABOUT_RETURN_TYPE = YES_ERROR;
				GCC_WARN_UNDECLARED_SELECTOR = YES;
				GCC_WARN_UNINITIALIZED_AUTOS = YES_AGGRESSIVE;
				GCC_WARN_UNUSED_FUNCTION = YES;
				GCC_WARN_UNUSED_VARIABLE = YES;
				IPHONEOS_DEPLOYMENT_TARGET = 10.3;
				MTL_ENABLE_DEBUG_INFO = YES;
				ONLY_ACTIVE_ARCH = YES;
				SDKROOT = iphoneos;
				SWIFT_ACTIVE_COMPILATION_CONDITIONS = DEBUG;
				SWIFT_OPTIMIZATION_LEVEL = "-Onone";
			};
			name = Debug;
		};
		B4402DC31F74F69F00E7B1CD /* Release */ = {
			isa = XCBuildConfiguration;
			buildSettings = {
				ALWAYS_SEARCH_USER_PATHS = NO;
				CLANG_ANALYZER_NONNULL = YES;
				CLANG_ANALYZER_NUMBER_OBJECT_CONVERSION = YES_AGGRESSIVE;
				CLANG_CXX_LANGUAGE_STANDARD = "gnu++0x";
				CLANG_CXX_LIBRARY = "libc++";
				CLANG_ENABLE_MODULES = YES;
				CLANG_ENABLE_OBJC_ARC = YES;
				CLANG_WARN_BOOL_CONVERSION = YES;
				CLANG_WARN_CONSTANT_CONVERSION = YES;
				CLANG_WARN_DIRECT_OBJC_ISA_USAGE = YES_ERROR;
				CLANG_WARN_DOCUMENTATION_COMMENTS = YES;
				CLANG_WARN_EMPTY_BODY = YES;
				CLANG_WARN_ENUM_CONVERSION = YES;
				CLANG_WARN_INFINITE_RECURSION = YES;
				CLANG_WARN_INT_CONVERSION = YES;
				CLANG_WARN_OBJC_ROOT_CLASS = YES_ERROR;
				CLANG_WARN_SUSPICIOUS_MOVE = YES;
				CLANG_WARN_UNREACHABLE_CODE = YES;
				CLANG_WARN__DUPLICATE_METHOD_MATCH = YES;
				"CODE_SIGN_IDENTITY[sdk=iphoneos*]" = "iPhone Developer";
				COPY_PHASE_STRIP = NO;
				DEBUG_INFORMATION_FORMAT = "dwarf-with-dsym";
				ENABLE_NS_ASSERTIONS = NO;
				ENABLE_STRICT_OBJC_MSGSEND = YES;
				GCC_C_LANGUAGE_STANDARD = gnu99;
				GCC_NO_COMMON_BLOCKS = YES;
				GCC_WARN_64_TO_32_BIT_CONVERSION = YES;
				GCC_WARN_ABOUT_RETURN_TYPE = YES_ERROR;
				GCC_WARN_UNDECLARED_SELECTOR = YES;
				GCC_WARN_UNINITIALIZED_AUTOS = YES_AGGRESSIVE;
				GCC_WARN_UNUSED_FUNCTION = YES;
				GCC_WARN_UNUSED_VARIABLE = YES;
				IPHONEOS_DEPLOYMENT_TARGET = 10.3;
				MTL_ENABLE_DEBUG_INFO = NO;
				SDKROOT = iphoneos;
				SWIFT_OPTIMIZATION_LEVEL = "-Owholemodule";
				VALIDATE_PRODUCT = YES;
			};
			name = Release;
		};
		B4402DC51F74F69F00E7B1CD /* Debug */ = {
			isa = XCBuildConfiguration;
			buildSettings = {
				ASSETCATALOG_COMPILER_APPICON_NAME = AppIcon;
				DEVELOPMENT_TEAM = PA79484YHS;
				INFOPLIST_FILE = "coder-swag/Info.plist";
				LD_RUNPATH_SEARCH_PATHS = "$(inherited) @executable_path/Frameworks";
				PRODUCT_BUNDLE_IDENTIFIER = "com.tenzinsean.coder-swag";
				PRODUCT_NAME = "$(TARGET_NAME)";
				SWIFT_VERSION = 3.0;
			};
			name = Debug;
		};
		B4402DC61F74F69F00E7B1CD /* Release */ = {
			isa = XCBuildConfiguration;
			buildSettings = {
				ASSETCATALOG_COMPILER_APPICON_NAME = AppIcon;
				DEVELOPMENT_TEAM = PA79484YHS;
				INFOPLIST_FILE = "coder-swag/Info.plist";
				LD_RUNPATH_SEARCH_PATHS = "$(inherited) @executable_path/Frameworks";
				PRODUCT_BUNDLE_IDENTIFIER = "com.tenzinsean.coder-swag";
				PRODUCT_NAME = "$(TARGET_NAME)";
				SWIFT_VERSION = 3.0;
			};
			name = Release;
		};
/* End XCBuildConfiguration section */

/* Begin XCConfigurationList section */
		B4402DAD1F74F69F00E7B1CD /* Build configuration list for PBXProject "coder-swag" */ = {
			isa = XCConfigurationList;
			buildConfigurations = (
				B4402DC21F74F69F00E7B1CD /* Debug */,
				B4402DC31F74F69F00E7B1CD /* Release */,
			);
			defaultConfigurationIsVisible = 0;
			defaultConfigurationName = Release;
		};
		B4402DC41F74F69F00E7B1CD /* Build configuration list for PBXNativeTarget "coder-swag" */ = {
			isa = XCConfigurationList;
			buildConfigurations = (
				B4402DC51F74F69F00E7B1CD /* Debug */,
				B4402DC61F74F69F00E7B1CD /* Release */,
			);
			defaultConfigurationIsVisible = 0;
			defaultConfigurationName = Release;
		};
/* End XCConfigurationList section */
	};
	rootObject = B4402DAA1F74F69F00E7B1CD /* Project object */;
}
